
Microsoft Visual Studio Solution File, Format Version 12.00
# Visual Studio Version 17
VisualStudioVersion = 17.0.31903.59
MinimumVisualStudioVersion = 10.0.40219.1
Project("{FAE04EC0-301F-11D3-BF4B-00C04F79EFBC}") = "Zeiss", "Zeiss\Zeiss.csproj", "{059BF64D-4DC0-467B-AA37-F66C798121E5}"
EndProject
Global
	GlobalSection(SolutionConfigurationPlatforms) = preSolution
		Debug|Any CPU = Debug|Any CPU
		Release|Any CPU = Release|Any CPU
	EndGlobalSection
	GlobalSection(ProjectConfigurationPlatforms) = postSolution
		{059BF64D-4DC0-467B-AA37-F66C798121E5}.Debug|Any CPU.ActiveCfg = Debug|Any CPU
		{059BF64D-4DC0-467B-AA37-F66C798121E5}.Debug|Any CPU.Build.0 = Debug|Any CPU
		{059BF64D-4DC0-467B-AA37-F66C798121E5}.Release|Any CPU.ActiveCfg = Release|Any CPU
		{059BF64D-4DC0-467B-AA37-F66C798121E5}.Release|Any CPU.Build.0 = Release|Any CPU
	EndGlobalSection
	GlobalSection(SolutionProperties) = preSolution
		HideSolutionNode = FALSE
	EndGlobalSection
	GlobalSection(ExtensibilityGlobals) = postSolution
		SolutionGuid = {561F8CDC-65F9-4A4F-B903-5DDBDEC798E4}
	EndGlobalSection
EndGlobal
